
Microsoft Visual Studio Solution File, Format Version 12.00
# Visual Studio Version 16
VisualStudioVersion = 16.0.29926.136
MinimumVisualStudioVersion = 10.0.40219.1
Project("{FAE04EC0-301F-11D3-BF4B-00C04F79EFBC}") = "AppViews.Android", "AppViews\AppViews.Android\AppViews.Android.csproj", "{27BCDB6A-FCCC-47E1-8F84-093D1FE4A501}"
EndProject
Project("{FAE04EC0-301F-11D3-BF4B-00C04F79EFBC}") = "AppViews", "AppViews\AppViews\AppViews.csproj", "{DD9A3272-992C-4EBF-B8B5-0483DCC5217A}"
EndProject
Global
	GlobalSection(SolutionConfigurationPlatforms) = preSolution
		Debug|Any CPU = Debug|Any CPU
		Release|Any CPU = Release|Any CPU
	EndGlobalSection
	GlobalSection(ProjectConfigurationPlatforms) = postSolution
		{27BCDB6A-FCCC-47E1-8F84-093D1FE4A501}.Debug|Any CPU.ActiveCfg = Debug|Any CPU
		{27BCDB6A-FCCC-47E1-8F84-093D1FE4A501}.Debug|Any CPU.Build.0 = Debug|Any CPU
		{27BCDB6A-FCCC-47E1-8F84-093D1FE4A501}.Debug|Any CPU.Deploy.0 = Debug|Any CPU
		{27BCDB6A-FCCC-47E1-8F84-093D1FE4A501}.Release|Any CPU.ActiveCfg = Release|Any CPU
		{27BCDB6A-FCCC-47E1-8F84-093D1FE4A501}.Release|Any CPU.Build.0 = Release|Any CPU
		{27BCDB6A-FCCC-47E1-8F84-093D1FE4A501}.Release|Any CPU.Deploy.0 = Release|Any CPU
		{DD9A3272-992C-4EBF-B8B5-0483DCC5217A}.Debug|Any CPU.ActiveCfg = Debug|Any CPU
		{DD9A3272-992C-4EBF-B8B5-0483DCC5217A}.Debug|Any CPU.Build.0 = Debug|Any CPU
		{DD9A3272-992C-4EBF-B8B5-0483DCC5217A}.Debug|Any CPU.Deploy.0 = Debug|Any CPU
		{DD9A3272-992C-4EBF-B8B5-0483DCC5217A}.Release|Any CPU.ActiveCfg = Release|Any CPU
		{DD9A3272-992C-4EBF-B8B5-0483DCC5217A}.Release|Any CPU.Build.0 = Release|Any CPU
		{DD9A3272-992C-4EBF-B8B5-0483DCC5217A}.Release|Any CPU.Deploy.0 = Release|Any CPU
	EndGlobalSection
	GlobalSection(SolutionProperties) = preSolution
		HideSolutionNode = FALSE
	EndGlobalSection
	GlobalSection(ExtensibilityGlobals) = postSolution
		SolutionGuid = {805B30AE-68CF-46F7-98E2-4BBA753C9897}
	EndGlobalSection
EndGlobal
